
Microsoft Visual Studio Solution File, Format Version 12.00
# Visual Studio Version 17
VisualStudioVersion = 17.11.35222.181
MinimumVisualStudioVersion = 10.0.40219.1
Project("{FAE04EC0-301F-11D3-BF4B-00C04F79EFBC}") = "responsi", "responsi\responsi.csproj", "{A89E0180-8151-488F-9449-867AE5569087}"
EndProject
Global
	GlobalSection(SolutionConfigurationPlatforms) = preSolution
		Debug|Any CPU = Debug|Any CPU
		Release|Any CPU = Release|Any CPU
	EndGlobalSection
	GlobalSection(ProjectConfigurationPlatforms) = postSolution
		{A89E0180-8151-488F-9449-867AE5569087}.Debug|Any CPU.ActiveCfg = Debug|Any CPU
		{A89E0180-8151-488F-9449-867AE5569087}.Debug|Any CPU.Build.0 = Debug|Any CPU
		{A89E0180-8151-488F-9449-867AE5569087}.Release|Any CPU.ActiveCfg = Release|Any CPU
		{A89E0180-8151-488F-9449-867AE5569087}.Release|Any CPU.Build.0 = Release|Any CPU
	EndGlobalSection
	GlobalSection(SolutionProperties) = preSolution
		HideSolutionNode = FALSE
	EndGlobalSection
	GlobalSection(ExtensibilityGlobals) = postSolution
		SolutionGuid = {EA449D6F-A347-4EA7-A449-924AE8826A03}
	EndGlobalSection
EndGlobal
